
Microsoft Visual Studio Solution File, Format Version 12.00
# Visual Studio Version 17
VisualStudioVersion = 17.10.35013.160
MinimumVisualStudioVersion = 10.0.40219.1
Project("{FAE04EC0-301F-11D3-BF4B-00C04F79EFBC}") = "SirenaTravel", "SirenaTravel\SirenaTravel.csproj", "{268E29C7-DF7B-4CC8-BAEE-4C47BCC1F011}"
EndProject
Global
	GlobalSection(SolutionConfigurationPlatforms) = preSolution
		Debug|Any CPU = Debug|Any CPU
		Release|Any CPU = Release|Any CPU
	EndGlobalSection
	GlobalSection(ProjectConfigurationPlatforms) = postSolution
		{268E29C7-DF7B-4CC8-BAEE-4C47BCC1F011}.Debug|Any CPU.ActiveCfg = Debug|Any CPU
		{268E29C7-DF7B-4CC8-BAEE-4C47BCC1F011}.Debug|Any CPU.Build.0 = Debug|Any CPU
		{268E29C7-DF7B-4CC8-BAEE-4C47BCC1F011}.Release|Any CPU.ActiveCfg = Release|Any CPU
		{268E29C7-DF7B-4CC8-BAEE-4C47BCC1F011}.Release|Any CPU.Build.0 = Release|Any CPU
	EndGlobalSection
	GlobalSection(SolutionProperties) = preSolution
		HideSolutionNode = FALSE
	EndGlobalSection
	GlobalSection(ExtensibilityGlobals) = postSolution
		SolutionGuid = {47D7CE49-98CD-4B0D-811A-5D453CAB61DE}
	EndGlobalSection
EndGlobal
